# This file is automatically @generated by Poetry 1.8.2 and should not be changed by hand.

[[package]]
name = "pathfinding"
version = "1.0.9"
description = "Pathfinding algorithms (based on Pathfinding.JS)"
optional = false
python-versions = "*"
files = [
    {file = "pathfinding-1.0.9-py3-none-any.whl", hash = "sha256:6b634c0f943fa8681e3d180035f351c3cb377bed1730945a5e675b8d60bd8c6a"},
    {file = "pathfinding-1.0.9.tar.gz", hash = "sha256:155ef9956daa1d41e5223391700009bc11a80eb75b0eed0ae396c5bb951531d9"},
]

[metadata]
lock-version = "2.0"
python-versions = "^3.10.12"
content-hash = "f77f76885a9e3b1ed862b2acec6880c1c9781400d1a1f21e8e0af1f93ded2a10"
